
Microsoft Visual Studio Solution File, Format Version 12.00
# Visual Studio Version 17
VisualStudioVersion = 17.12.35707.178 d17.12
MinimumVisualStudioVersion = 10.0.40219.1
Project("{FAE04EC0-301F-11D3-BF4B-00C04F79EFBC}") = "Task5_1", "Task5_1\Task5_1.csproj", "{029E8F26-1151-430C-8A74-84F6E6F4D855}"
EndProject
Project("{FAE04EC0-301F-11D3-BF4B-00C04F79EFBC}") = "Task5_2", "Task5_2\Task5_2.csproj", "{3C263715-B021-425E-81C8-950CB0F7B794}"
EndProject
Global
	GlobalSection(SolutionConfigurationPlatforms) = preSolution
		Debug|Any CPU = Debug|Any CPU
		Release|Any CPU = Release|Any CPU
	EndGlobalSection
	GlobalSection(ProjectConfigurationPlatforms) = postSolution
		{029E8F26-1151-430C-8A74-84F6E6F4D855}.Debug|Any CPU.ActiveCfg = Debug|Any CPU
		{029E8F26-1151-430C-8A74-84F6E6F4D855}.Debug|Any CPU.Build.0 = Debug|Any CPU
		{029E8F26-1151-430C-8A74-84F6E6F4D855}.Release|Any CPU.ActiveCfg = Release|Any CPU
		{029E8F26-1151-430C-8A74-84F6E6F4D855}.Release|Any CPU.Build.0 = Release|Any CPU
		{3C263715-B021-425E-81C8-950CB0F7B794}.Debug|Any CPU.ActiveCfg = Debug|Any CPU
		{3C263715-B021-425E-81C8-950CB0F7B794}.Debug|Any CPU.Build.0 = Debug|Any CPU
		{3C263715-B021-425E-81C8-950CB0F7B794}.Release|Any CPU.ActiveCfg = Release|Any CPU
		{3C263715-B021-425E-81C8-950CB0F7B794}.Release|Any CPU.Build.0 = Release|Any CPU
	EndGlobalSection
	GlobalSection(SolutionProperties) = preSolution
		HideSolutionNode = FALSE
	EndGlobalSection
EndGlobal
