
Microsoft Visual Studio Solution File, Format Version 12.00
# Visual Studio Version 17
VisualStudioVersion = 17.12.35707.178
MinimumVisualStudioVersion = 10.0.40219.1
Project("{FAE04EC0-301F-11D3-BF4B-00C04F79EFBC}") = "Task5_1", "Task5_1\Task5_1.csproj", "{029E8F26-1151-430C-8A74-84F6E6F4D855}"
EndProject
Project("{FAE04EC0-301F-11D3-BF4B-00C04F79EFBC}") = "Task5_2", "Task5_2\Task5_2.csproj", "{3C263715-B021-425E-81C8-950CB0F7B794}"
EndProject
Project("{FAE04EC0-301F-11D3-BF4B-00C04F79EFBC}") = "Task5_3", "Task5_3\Task5_3.csproj", "{A0E51E0A-F8BA-4137-BEEC-A94B1B49D26D}"
EndProject
Project("{FAE04EC0-301F-11D3-BF4B-00C04F79EFBC}") = "Task5_4", "Task5_4\Task5_4.csproj", "{FE29FBAA-BD1E-4DA2-BB7B-C2AFBAD2FFBF}"
EndProject
Project("{FAE04EC0-301F-11D3-BF4B-00C04F79EFBC}") = "Task5_5", "Task5_5\Task5_5.csproj", "{BFD6A982-429F-484F-A3FC-0914212D1CD2}"
EndProject
Project("{FAE04EC0-301F-11D3-BF4B-00C04F79EFBC}") = "Task5_6", "Task5_6\Task5_6.csproj", "{3A6CA5F1-2ED4-48AD-8597-098E0F20A23D}"
EndProject
Project("{FAE04EC0-301F-11D3-BF4B-00C04F79EFBC}") = "Task5_7", "Task5_7\Task5_7.csproj", "{DAB6FD82-DA0F-410E-957E-AE8B82A449E8}"
EndProject
Project("{FAE04EC0-301F-11D3-BF4B-00C04F79EFBC}") = "Task5_8", "Task5_8\Task5_8.csproj", "{C0CF71CA-456E-4E4C-971C-AAAA62928A86}"
EndProject
Project("{FAE04EC0-301F-11D3-BF4B-00C04F79EFBC}") = "Task5_9", "Task5_9\Task5_9.csproj", "{E31188BF-3C22-4B44-88A4-10419B59E1D8}"
EndProject
Project("{FAE04EC0-301F-11D3-BF4B-00C04F79EFBC}") = "Task5_10", "Task5_10\Task5_10.csproj", "{78D8606B-74D8-4A91-A1AA-F214DBBAEB13}"
EndProject
Global
	GlobalSection(SolutionConfigurationPlatforms) = preSolution
		Debug|Any CPU = Debug|Any CPU
		Release|Any CPU = Release|Any CPU
	EndGlobalSection
	GlobalSection(ProjectConfigurationPlatforms) = postSolution
		{029E8F26-1151-430C-8A74-84F6E6F4D855}.Debug|Any CPU.ActiveCfg = Debug|Any CPU
		{029E8F26-1151-430C-8A74-84F6E6F4D855}.Debug|Any CPU.Build.0 = Debug|Any CPU
		{029E8F26-1151-430C-8A74-84F6E6F4D855}.Release|Any CPU.ActiveCfg = Release|Any CPU
		{029E8F26-1151-430C-8A74-84F6E6F4D855}.Release|Any CPU.Build.0 = Release|Any CPU
		{3C263715-B021-425E-81C8-950CB0F7B794}.Debug|Any CPU.ActiveCfg = Debug|Any CPU
		{3C263715-B021-425E-81C8-950CB0F7B794}.Debug|Any CPU.Build.0 = Debug|Any CPU
		{3C263715-B021-425E-81C8-950CB0F7B794}.Release|Any CPU.ActiveCfg = Release|Any CPU
		{3C263715-B021-425E-81C8-950CB0F7B794}.Release|Any CPU.Build.0 = Release|Any CPU
		{A0E51E0A-F8BA-4137-BEEC-A94B1B49D26D}.Debug|Any CPU.ActiveCfg = Debug|Any CPU
		{A0E51E0A-F8BA-4137-BEEC-A94B1B49D26D}.Debug|Any CPU.Build.0 = Debug|Any CPU
		{A0E51E0A-F8BA-4137-BEEC-A94B1B49D26D}.Release|Any CPU.ActiveCfg = Release|Any CPU
		{A0E51E0A-F8BA-4137-BEEC-A94B1B49D26D}.Release|Any CPU.Build.0 = Release|Any CPU
		{FE29FBAA-BD1E-4DA2-BB7B-C2AFBAD2FFBF}.Debug|Any CPU.ActiveCfg = Debug|Any CPU
		{FE29FBAA-BD1E-4DA2-BB7B-C2AFBAD2FFBF}.Debug|Any CPU.Build.0 = Debug|Any CPU
		{FE29FBAA-BD1E-4DA2-BB7B-C2AFBAD2FFBF}.Release|Any CPU.ActiveCfg = Release|Any CPU
		{FE29FBAA-BD1E-4DA2-BB7B-C2AFBAD2FFBF}.Release|Any CPU.Build.0 = Release|Any CPU
		{BFD6A982-429F-484F-A3FC-0914212D1CD2}.Debug|Any CPU.ActiveCfg = Debug|Any CPU
		{BFD6A982-429F-484F-A3FC-0914212D1CD2}.Debug|Any CPU.Build.0 = Debug|Any CPU
		{BFD6A982-429F-484F-A3FC-0914212D1CD2}.Release|Any CPU.ActiveCfg = Release|Any CPU
		{BFD6A982-429F-484F-A3FC-0914212D1CD2}.Release|Any CPU.Build.0 = Release|Any CPU
		{3A6CA5F1-2ED4-48AD-8597-098E0F20A23D}.Debug|Any CPU.ActiveCfg = Debug|Any CPU
		{3A6CA5F1-2ED4-48AD-8597-098E0F20A23D}.Debug|Any CPU.Build.0 = Debug|Any CPU
		{3A6CA5F1-2ED4-48AD-8597-098E0F20A23D}.Release|Any CPU.ActiveCfg = Release|Any CPU
		{3A6CA5F1-2ED4-48AD-8597-098E0F20A23D}.Release|Any CPU.Build.0 = Release|Any CPU
		{DAB6FD82-DA0F-410E-957E-AE8B82A449E8}.Debug|Any CPU.ActiveCfg = Debug|Any CPU
		{DAB6FD82-DA0F-410E-957E-AE8B82A449E8}.Debug|Any CPU.Build.0 = Debug|Any CPU
		{DAB6FD82-DA0F-410E-957E-AE8B82A449E8}.Release|Any CPU.ActiveCfg = Release|Any CPU
		{DAB6FD82-DA0F-410E-957E-AE8B82A449E8}.Release|Any CPU.Build.0 = Release|Any CPU
		{C0CF71CA-456E-4E4C-971C-AAAA62928A86}.Debug|Any CPU.ActiveCfg = Debug|Any CPU
		{C0CF71CA-456E-4E4C-971C-AAAA62928A86}.Debug|Any CPU.Build.0 = Debug|Any CPU
		{C0CF71CA-456E-4E4C-971C-AAAA62928A86}.Release|Any CPU.ActiveCfg = Release|Any CPU
		{C0CF71CA-456E-4E4C-971C-AAAA62928A86}.Release|Any CPU.Build.0 = Release|Any CPU
		{E31188BF-3C22-4B44-88A4-10419B59E1D8}.Debug|Any CPU.ActiveCfg = Debug|Any CPU
		{E31188BF-3C22-4B44-88A4-10419B59E1D8}.Debug|Any CPU.Build.0 = Debug|Any CPU
		{E31188BF-3C22-4B44-88A4-10419B59E1D8}.Release|Any CPU.ActiveCfg = Release|Any CPU
		{E31188BF-3C22-4B44-88A4-10419B59E1D8}.Release|Any CPU.Build.0 = Release|Any CPU
		{78D8606B-74D8-4A91-A1AA-F214DBBAEB13}.Debug|Any CPU.ActiveCfg = Debug|Any CPU
		{78D8606B-74D8-4A91-A1AA-F214DBBAEB13}.Debug|Any CPU.Build.0 = Debug|Any CPU
		{78D8606B-74D8-4A91-A1AA-F214DBBAEB13}.Release|Any CPU.ActiveCfg = Release|Any CPU
		{78D8606B-74D8-4A91-A1AA-F214DBBAEB13}.Release|Any CPU.Build.0 = Release|Any CPU
	EndGlobalSection
	GlobalSection(SolutionProperties) = preSolution
		HideSolutionNode = FALSE
	EndGlobalSection
EndGlobal
